Microsoft Visual Studio Solution File, Format Version 11.00
# Visual Studio 2008

Project("{C4EC06B6-622E-E873-15AD-733BA9F52FE6}") = "Tilt ad Dodge to Annihilate", "Assembly-CSharp.csproj", "{B7D717C8-5A4A-5B19-CD63-93901C65FABB}"
EndProject
Project("{C4EC06B6-622E-E873-15AD-733BA9F52FE6}") = "Tilt ad Dodge to Annihilate", "Assembly-CSharp-Editor.csproj", "{2B2C391C-5722-FDE2-C58B-11F93F6BC140}"
EndProject
Global
	GlobalSection(SolutionConfigurationPlatforms) = preSolution
		Debug|Any CPU = Debug|Any CPU
		Release|Any CPU = Release|Any CPU
	EndGlobalSection
	GlobalSection(ProjectConfigurationPlatforms) = postSolution
		{B7D717C8-5A4A-5B19-CD63-93901C65FABB}.Debug|Any CPU.ActiveCfg = Debug|Any CPU
		{B7D717C8-5A4A-5B19-CD63-93901C65FABB}.Debug|Any CPU.Build.0 = Debug|Any CPU
		{B7D717C8-5A4A-5B19-CD63-93901C65FABB}.Release|Any CPU.ActiveCfg = Release|Any CPU
		{B7D717C8-5A4A-5B19-CD63-93901C65FABB}.Release|Any CPU.Build.0 = Release|Any CPU
		{2B2C391C-5722-FDE2-C58B-11F93F6BC140}.Debug|Any CPU.ActiveCfg = Debug|Any CPU
		{2B2C391C-5722-FDE2-C58B-11F93F6BC140}.Debug|Any CPU.Build.0 = Debug|Any CPU
		{2B2C391C-5722-FDE2-C58B-11F93F6BC140}.Release|Any CPU.ActiveCfg = Release|Any CPU
		{2B2C391C-5722-FDE2-C58B-11F93F6BC140}.Release|Any CPU.Build.0 = Release|Any CPU
	EndGlobalSection
	GlobalSection(SolutionProperties) = preSolution
		HideSolutionNode = FALSE
	EndGlobalSection
																																										GlobalSection(MonoDevelopProperties) = preSolution
		StartupItem = Assembly-CSharp.csproj
		Policies = $0
		$0.TextStylePolicy = $1
		$1.inheritsSet = null
		$1.scope = text/x-csharp
		$0.CSharpFormattingPolicy = $2
		$2.inheritsSet = Mono
		$2.inheritsScope = text/x-csharp
		$2.scope = text/x-csharp
		$0.TextStylePolicy = $3
		$3.FileWidth = 120
		$3.TabWidth = 4
		$3.EolMarker = Unix
		$3.inheritsSet = Mono
		$3.inheritsScope = text/plain
		$3.scope = text/plain
	EndGlobalSection

EndGlobal
